
Microsoft Visual Studio Solution File, Format Version 12.00
# Visual Studio 15
VisualStudioVersion = 15.0.26430.13
MinimumVisualStudioVersion = 10.0.40219.1
Project("{FAE04EC0-301F-11D3-BF4B-00C04F79EFBC}") = "Module1", "Module1\Module1.csproj", "{950DFCE4-3110-4A98-9CD6-9AC8C6246249}"
EndProject
Project("{E53339B2-1760-4266-BCC7-CA923CBCF16C}") = "docker-compose", "docker-compose.dcproj", "{1C674CCA-C1D2-42A9-82CC-021DCB794F39}"
EndProject
Global
	GlobalSection(SolutionConfigurationPlatforms) = preSolution
		Debug|Any CPU = Debug|Any CPU
		Release|Any CPU = Release|Any CPU
	EndGlobalSection
	GlobalSection(ProjectConfigurationPlatforms) = postSolution
		{950DFCE4-3110-4A98-9CD6-9AC8C6246249}.Debug|Any CPU.ActiveCfg = Debug|Any CPU
		{950DFCE4-3110-4A98-9CD6-9AC8C6246249}.Debug|Any CPU.Build.0 = Debug|Any CPU
		{950DFCE4-3110-4A98-9CD6-9AC8C6246249}.Release|Any CPU.ActiveCfg = Release|Any CPU
		{950DFCE4-3110-4A98-9CD6-9AC8C6246249}.Release|Any CPU.Build.0 = Release|Any CPU
		{1C674CCA-C1D2-42A9-82CC-021DCB794F39}.Debug|Any CPU.ActiveCfg = Debug|Any CPU
		{1C674CCA-C1D2-42A9-82CC-021DCB794F39}.Debug|Any CPU.Build.0 = Debug|Any CPU
		{1C674CCA-C1D2-42A9-82CC-021DCB794F39}.Release|Any CPU.ActiveCfg = Release|Any CPU
		{1C674CCA-C1D2-42A9-82CC-021DCB794F39}.Release|Any CPU.Build.0 = Release|Any CPU
	EndGlobalSection
	GlobalSection(SolutionProperties) = preSolution
		HideSolutionNode = FALSE
	EndGlobalSection
	GlobalSection(CodealikeProperties) = postSolution
		SolutionGuid = f1f2ec11-af70-4f0b-9781-e7103c206588
	EndGlobalSection
EndGlobal
